{
  "name": "brain",
  "lockfileVersion": 2,
  "requires": true,
  "packages": {
    "": {
      "dependencies": {
        "primeicons": "^4.1.0",
        "primevue": "^3.2.4",
        "vue-mathjax": "^0.0.11"
      }
    },
    "node_modules/primeicons": {
      "version": "4.1.0",
      "resolved": "https://registry.npmjs.org/primeicons/-/primeicons-4.1.0.tgz",
      "integrity": "sha512-uEv2pSPk1zQCfaB2VgnUfnUxxlGryYi+5rbdxmZBBt5v9S/pscIQYS5YDLxsQZ7D9jn5c76+Tx5wX/2J1nK6sA=="
    },
    "node_modules/primevue": {
      "version": "3.2.4",
      "resolved": "https://registry.npmjs.org/primevue/-/primevue-3.2.4.tgz",
      "integrity": "sha512-P3uqwnMFkTGqIOSXWhGl2DZxWzktJ/75wlWAqkLNKqUMTfGKTWNs7+L4wbeJz5nitNvW8gVoDE2+fr7dEC6O1Q=="
    },
    "node_modules/vue-mathjax": {
      "version": "0.0.11",
      "resolved": "https://registry.npmjs.org/vue-mathjax/-/vue-mathjax-0.0.11.tgz",
      "integrity": "sha512-s2P4OatDmzBZD/gm+/FHl5Idd43gxzSIdXOkMq/MiWrNsdOvMMzNFrirfQp0agqbCiNuA8/It/sXsgCDeh5FfA=="
    }
  },
  "dependencies": {
    "primeicons": {
      "version": "4.1.0",
      "resolved": "https://registry.npmjs.org/primeicons/-/primeicons-4.1.0.tgz",
      "integrity": "sha512-uEv2pSPk1zQCfaB2VgnUfnUxxlGryYi+5rbdxmZBBt5v9S/pscIQYS5YDLxsQZ7D9jn5c76+Tx5wX/2J1nK6sA=="
    },
    "primevue": {
      "version": "3.2.4",
      "resolved": "https://registry.npmjs.org/primevue/-/primevue-3.2.4.tgz",
      "integrity": "sha512-P3uqwnMFkTGqIOSXWhGl2DZxWzktJ/75wlWAqkLNKqUMTfGKTWNs7+L4wbeJz5nitNvW8gVoDE2+fr7dEC6O1Q=="
    },
    "vue-mathjax": {
      "version": "0.0.11",
      "resolved": "https://registry.npmjs.org/vue-mathjax/-/vue-mathjax-0.0.11.tgz",
      "integrity": "sha512-s2P4OatDmzBZD/gm+/FHl5Idd43gxzSIdXOkMq/MiWrNsdOvMMzNFrirfQp0agqbCiNuA8/It/sXsgCDeh5FfA=="
    }
  }
}
